
Microsoft Visual Studio Solution File, Format Version 12.00
# Visual Studio 2013
VisualStudioVersion = 12.0.31101.0
MinimumVisualStudioVersion = 10.0.40219.1
Project("{FAE04EC0-301F-11D3-BF4B-00C04F79EFBC}") = "HowUseMapExtend", "HowUseMapExtend\HowUseMapExtend\HowUseMapExtend.csproj", "{CBB1CDAE-A1E4-4115-8448-ADEA33E7A739}"
EndProject
Project("{FAE04EC0-301F-11D3-BF4B-00C04F79EFBC}") = "HowUseMapExtend.iOS", "HowUseMapExtend\HowUseMapExtend.iOS\HowUseMapExtend.iOS.csproj", "{0BD93CAF-5D93-4580-8FFE-8D51A2B7820C}"
EndProject
Project("{FAE04EC0-301F-11D3-BF4B-00C04F79EFBC}") = "HowUseMapExtend.Droid", "HowUseMapExtend\HowUseMapExtend.Droid\HowUseMapExtend.Droid.csproj", "{A402C085-11C8-4B98-A118-9903BBD08E52}"
EndProject
Project("{FAE04EC0-301F-11D3-BF4B-00C04F79EFBC}") = "HowUseMapExtend.WinPhone", "HowUseMapExtend\HowUseMapExtend.WinPhone\HowUseMapExtend.WinPhone.csproj", "{EB9389C1-EF98-4723-B3CD-A7D0C16F6934}"
EndProject
Global
	GlobalSection(SolutionConfigurationPlatforms) = preSolution
		Ad-Hoc|Any CPU = Ad-Hoc|Any CPU
		Ad-Hoc|ARM = Ad-Hoc|ARM
		Ad-Hoc|iPhone = Ad-Hoc|iPhone
		Ad-Hoc|iPhoneSimulator = Ad-Hoc|iPhoneSimulator
		Ad-Hoc|Mixed Platforms = Ad-Hoc|Mixed Platforms
		Ad-Hoc|x86 = Ad-Hoc|x86
		AppStore|Any CPU = AppStore|Any CPU
		AppStore|ARM = AppStore|ARM
		AppStore|iPhone = AppStore|iPhone
		AppStore|iPhoneSimulator = AppStore|iPhoneSimulator
		AppStore|Mixed Platforms = AppStore|Mixed Platforms
		AppStore|x86 = AppStore|x86
		Debug|Any CPU = Debug|Any CPU
		Debug|ARM = Debug|ARM
		Debug|iPhone = Debug|iPhone
		Debug|iPhoneSimulator = Debug|iPhoneSimulator
		Debug|Mixed Platforms = Debug|Mixed Platforms
		Debug|x86 = Debug|x86
		Release|Any CPU = Release|Any CPU
		Release|ARM = Release|ARM
		Release|iPhone = Release|iPhone
		Release|iPhoneSimulator = Release|iPhoneSimulator
		Release|Mixed Platforms = Release|Mixed Platforms
		Release|x86 = Release|x86
	EndGlobalSection
	GlobalSection(ProjectConfigurationPlatforms) = postSolution
		{CBB1CDAE-A1E4-4115-8448-ADEA33E7A739}.Ad-Hoc|Any CPU.ActiveCfg = Release|Any CPU
		{CBB1CDAE-A1E4-4115-8448-ADEA33E7A739}.Ad-Hoc|Any CPU.Build.0 = Release|Any CPU
		{CBB1CDAE-A1E4-4115-8448-ADEA33E7A739}.Ad-Hoc|ARM.ActiveCfg = Release|Any CPU
		{CBB1CDAE-A1E4-4115-8448-ADEA33E7A739}.Ad-Hoc|iPhone.ActiveCfg = Release|Any CPU
		{CBB1CDAE-A1E4-4115-8448-ADEA33E7A739}.Ad-Hoc|iPhoneSimulator.ActiveCfg = Release|Any CPU
		{CBB1CDAE-A1E4-4115-8448-ADEA33E7A739}.Ad-Hoc|Mixed Platforms.ActiveCfg = Release|Any CPU
		{CBB1CDAE-A1E4-4115-8448-ADEA33E7A739}.Ad-Hoc|Mixed Platforms.Build.0 = Release|Any CPU
		{CBB1CDAE-A1E4-4115-8448-ADEA33E7A739}.Ad-Hoc|x86.ActiveCfg = Release|Any CPU
		{CBB1CDAE-A1E4-4115-8448-ADEA33E7A739}.AppStore|Any CPU.ActiveCfg = Release|Any CPU
		{CBB1CDAE-A1E4-4115-8448-ADEA33E7A739}.AppStore|Any CPU.Build.0 = Release|Any CPU
		{CBB1CDAE-A1E4-4115-8448-ADEA33E7A739}.AppStore|ARM.ActiveCfg = Release|Any CPU
		{CBB1CDAE-A1E4-4115-8448-ADEA33E7A739}.AppStore|iPhone.ActiveCfg = Release|Any CPU
		{CBB1CDAE-A1E4-4115-8448-ADEA33E7A739}.AppStore|iPhoneSimulator.ActiveCfg = Release|Any CPU
		{CBB1CDAE-A1E4-4115-8448-ADEA33E7A739}.AppStore|Mixed Platforms.ActiveCfg = Release|Any CPU
		{CBB1CDAE-A1E4-4115-8448-ADEA33E7A739}.AppStore|Mixed Platforms.Build.0 = Release|Any CPU
		{CBB1CDAE-A1E4-4115-8448-ADEA33E7A739}.AppStore|x86.ActiveCfg = Release|Any CPU
		{CBB1CDAE-A1E4-4115-8448-ADEA33E7A739}.Debug|Any CPU.ActiveCfg = Debug|Any CPU
		{CBB1CDAE-A1E4-4115-8448-ADEA33E7A739}.Debug|Any CPU.Build.0 = Debug|Any CPU
		{CBB1CDAE-A1E4-4115-8448-ADEA33E7A739}.Debug|ARM.ActiveCfg = Debug|Any CPU
		{CBB1CDAE-A1E4-4115-8448-ADEA33E7A739}.Debug|iPhone.ActiveCfg = Debug|Any CPU
		{CBB1CDAE-A1E4-4115-8448-ADEA33E7A739}.Debug|iPhoneSimulator.ActiveCfg = Debug|Any CPU
		{CBB1CDAE-A1E4-4115-8448-ADEA33E7A739}.Debug|Mixed Platforms.ActiveCfg = Debug|Any CPU
		{CBB1CDAE-A1E4-4115-8448-ADEA33E7A739}.Debug|Mixed Platforms.Build.0 = Debug|Any CPU
		{CBB1CDAE-A1E4-4115-8448-ADEA33E7A739}.Debug|x86.ActiveCfg = Debug|Any CPU
		{CBB1CDAE-A1E4-4115-8448-ADEA33E7A739}.Release|Any CPU.ActiveCfg = Release|Any CPU
		{CBB1CDAE-A1E4-4115-8448-ADEA33E7A739}.Release|Any CPU.Build.0 = Release|Any CPU
		{CBB1CDAE-A1E4-4115-8448-ADEA33E7A739}.Release|ARM.ActiveCfg = Release|Any CPU
		{CBB1CDAE-A1E4-4115-8448-ADEA33E7A739}.Release|iPhone.ActiveCfg = Release|Any CPU
		{CBB1CDAE-A1E4-4115-8448-ADEA33E7A739}.Release|iPhoneSimulator.ActiveCfg = Release|Any CPU
		{CBB1CDAE-A1E4-4115-8448-ADEA33E7A739}.Release|Mixed Platforms.ActiveCfg = Release|Any CPU
		{CBB1CDAE-A1E4-4115-8448-ADEA33E7A739}.Release|Mixed Platforms.Build.0 = Release|Any CPU
		{CBB1CDAE-A1E4-4115-8448-ADEA33E7A739}.Release|x86.ActiveCfg = Release|Any CPU
		{0BD93CAF-5D93-4580-8FFE-8D51A2B7820C}.Ad-Hoc|Any CPU.ActiveCfg = Ad-Hoc|iPhone
		{0BD93CAF-5D93-4580-8FFE-8D51A2B7820C}.Ad-Hoc|ARM.ActiveCfg = Ad-Hoc|iPhone
		{0BD93CAF-5D93-4580-8FFE-8D51A2B7820C}.Ad-Hoc|iPhone.ActiveCfg = Ad-Hoc|iPhone
		{0BD93CAF-5D93-4580-8FFE-8D51A2B7820C}.Ad-Hoc|iPhone.Build.0 = Ad-Hoc|iPhone
		{0BD93CAF-5D93-4580-8FFE-8D51A2B7820C}.Ad-Hoc|iPhoneSimulator.ActiveCfg = Ad-Hoc|iPhoneSimulator
		{0BD93CAF-5D93-4580-8FFE-8D51A2B7820C}.Ad-Hoc|iPhoneSimulator.Build.0 = Ad-Hoc|iPhoneSimulator
		{0BD93CAF-5D93-4580-8FFE-8D51A2B7820C}.Ad-Hoc|Mixed Platforms.ActiveCfg = Ad-Hoc|iPhone
		{0BD93CAF-5D93-4580-8FFE-8D51A2B7820C}.Ad-Hoc|Mixed Platforms.Build.0 = Ad-Hoc|iPhone
		{0BD93CAF-5D93-4580-8FFE-8D51A2B7820C}.Ad-Hoc|x86.ActiveCfg = Ad-Hoc|iPhone
		{0BD93CAF-5D93-4580-8FFE-8D51A2B7820C}.AppStore|Any CPU.ActiveCfg = AppStore|iPhone
		{0BD93CAF-5D93-4580-8FFE-8D51A2B7820C}.AppStore|ARM.ActiveCfg = AppStore|iPhone
		{0BD93CAF-5D93-4580-8FFE-8D51A2B7820C}.AppStore|iPhone.ActiveCfg = AppStore|iPhone
		{0BD93CAF-5D93-4580-8FFE-8D51A2B7820C}.AppStore|iPhone.Build.0 = AppStore|iPhone
		{0BD93CAF-5D93-4580-8FFE-8D51A2B7820C}.AppStore|iPhoneSimulator.ActiveCfg = AppStore|iPhoneSimulator
		{0BD93CAF-5D93-4580-8FFE-8D51A2B7820C}.AppStore|iPhoneSimulator.Build.0 = AppStore|iPhoneSimulator
		{0BD93CAF-5D93-4580-8FFE-8D51A2B7820C}.AppStore|Mixed Platforms.ActiveCfg = AppStore|iPhone
		{0BD93CAF-5D93-4580-8FFE-8D51A2B7820C}.AppStore|Mixed Platforms.Build.0 = AppStore|iPhone
		{0BD93CAF-5D93-4580-8FFE-8D51A2B7820C}.AppStore|x86.ActiveCfg = AppStore|iPhone
		{0BD93CAF-5D93-4580-8FFE-8D51A2B7820C}.Debug|Any CPU.ActiveCfg = Debug|iPhone
		{0BD93CAF-5D93-4580-8FFE-8D51A2B7820C}.Debug|ARM.ActiveCfg = Debug|iPhone
		{0BD93CAF-5D93-4580-8FFE-8D51A2B7820C}.Debug|iPhone.ActiveCfg = Debug|iPhone
		{0BD93CAF-5D93-4580-8FFE-8D51A2B7820C}.Debug|iPhone.Build.0 = Debug|iPhone
		{0BD93CAF-5D93-4580-8FFE-8D51A2B7820C}.Debug|iPhoneSimulator.ActiveCfg = Debug|iPhoneSimulator
		{0BD93CAF-5D93-4580-8FFE-8D51A2B7820C}.Debug|iPhoneSimulator.Build.0 = Debug|iPhoneSimulator
		{0BD93CAF-5D93-4580-8FFE-8D51A2B7820C}.Debug|Mixed Platforms.ActiveCfg = Debug|iPhone
		{0BD93CAF-5D93-4580-8FFE-8D51A2B7820C}.Debug|Mixed Platforms.Build.0 = Debug|iPhone
		{0BD93CAF-5D93-4580-8FFE-8D51A2B7820C}.Debug|x86.ActiveCfg = Debug|iPhone
		{0BD93CAF-5D93-4580-8FFE-8D51A2B7820C}.Release|Any CPU.ActiveCfg = Release|iPhone
		{0BD93CAF-5D93-4580-8FFE-8D51A2B7820C}.Release|ARM.ActiveCfg = Release|iPhone
		{0BD93CAF-5D93-4580-8FFE-8D51A2B7820C}.Release|iPhone.ActiveCfg = Release|iPhone
		{0BD93CAF-5D93-4580-8FFE-8D51A2B7820C}.Release|iPhone.Build.0 = Release|iPhone
		{0BD93CAF-5D93-4580-8FFE-8D51A2B7820C}.Release|iPhoneSimulator.ActiveCfg = Release|iPhoneSimulator
		{0BD93CAF-5D93-4580-8FFE-8D51A2B7820C}.Release|iPhoneSimulator.Build.0 = Release|iPhoneSimulator
		{0BD93CAF-5D93-4580-8FFE-8D51A2B7820C}.Release|Mixed Platforms.ActiveCfg = Release|iPhone
		{0BD93CAF-5D93-4580-8FFE-8D51A2B7820C}.Release|Mixed Platforms.Build.0 = Release|iPhone
		{0BD93CAF-5D93-4580-8FFE-8D51A2B7820C}.Release|x86.ActiveCfg = Release|iPhone
		{A402C085-11C8-4B98-A118-9903BBD08E52}.Ad-Hoc|Any CPU.ActiveCfg = Release|Any CPU
		{A402C085-11C8-4B98-A118-9903BBD08E52}.Ad-Hoc|Any CPU.Build.0 = Release|Any CPU
		{A402C085-11C8-4B98-A118-9903BBD08E52}.Ad-Hoc|Any CPU.Deploy.0 = Release|Any CPU
		{A402C085-11C8-4B98-A118-9903BBD08E52}.Ad-Hoc|ARM.ActiveCfg = Release|Any CPU
		{A402C085-11C8-4B98-A118-9903BBD08E52}.Ad-Hoc|iPhone.ActiveCfg = Release|Any CPU
		{A402C085-11C8-4B98-A118-9903BBD08E52}.Ad-Hoc|iPhoneSimulator.ActiveCfg = Release|Any CPU
		{A402C085-11C8-4B98-A118-9903BBD08E52}.Ad-Hoc|Mixed Platforms.ActiveCfg = Release|Any CPU
		{A402C085-11C8-4B98-A118-9903BBD08E52}.Ad-Hoc|Mixed Platforms.Build.0 = Release|Any CPU
		{A402C085-11C8-4B98-A118-9903BBD08E52}.Ad-Hoc|Mixed Platforms.Deploy.0 = Release|Any CPU
		{A402C085-11C8-4B98-A118-9903BBD08E52}.Ad-Hoc|x86.ActiveCfg = Release|Any CPU
		{A402C085-11C8-4B98-A118-9903BBD08E52}.AppStore|Any CPU.ActiveCfg = Release|Any CPU
		{A402C085-11C8-4B98-A118-9903BBD08E52}.AppStore|Any CPU.Build.0 = Release|Any CPU
		{A402C085-11C8-4B98-A118-9903BBD08E52}.AppStore|Any CPU.Deploy.0 = Release|Any CPU
		{A402C085-11C8-4B98-A118-9903BBD08E52}.AppStore|ARM.ActiveCfg = Release|Any CPU
		{A402C085-11C8-4B98-A118-9903BBD08E52}.AppStore|iPhone.ActiveCfg = Release|Any CPU
		{A402C085-11C8-4B98-A118-9903BBD08E52}.AppStore|iPhoneSimulator.ActiveCfg = Release|Any CPU
		{A402C085-11C8-4B98-A118-9903BBD08E52}.AppStore|Mixed Platforms.ActiveCfg = Release|Any CPU
		{A402C085-11C8-4B98-A118-9903BBD08E52}.AppStore|Mixed Platforms.Build.0 = Release|Any CPU
		{A402C085-11C8-4B98-A118-9903BBD08E52}.AppStore|Mixed Platforms.Deploy.0 = Release|Any CPU
		{A402C085-11C8-4B98-A118-9903BBD08E52}.AppStore|x86.ActiveCfg = Release|Any CPU
		{A402C085-11C8-4B98-A118-9903BBD08E52}.Debug|Any CPU.ActiveCfg = Debug|Any CPU
		{A402C085-11C8-4B98-A118-9903BBD08E52}.Debug|Any CPU.Build.0 = Debug|Any CPU
		{A402C085-11C8-4B98-A118-9903BBD08E52}.Debug|Any CPU.Deploy.0 = Debug|Any CPU
		{A402C085-11C8-4B98-A118-9903BBD08E52}.Debug|ARM.ActiveCfg = Debug|Any CPU
		{A402C085-11C8-4B98-A118-9903BBD08E52}.Debug|iPhone.ActiveCfg = Debug|Any CPU
		{A402C085-11C8-4B98-A118-9903BBD08E52}.Debug|iPhoneSimulator.ActiveCfg = Debug|Any CPU
		{A402C085-11C8-4B98-A118-9903BBD08E52}.Debug|Mixed Platforms.ActiveCfg = Debug|Any CPU
		{A402C085-11C8-4B98-A118-9903BBD08E52}.Debug|Mixed Platforms.Build.0 = Debug|Any CPU
		{A402C085-11C8-4B98-A118-9903BBD08E52}.Debug|Mixed Platforms.Deploy.0 = Debug|Any CPU
		{A402C085-11C8-4B98-A118-9903BBD08E52}.Debug|x86.ActiveCfg = Debug|Any CPU
		{A402C085-11C8-4B98-A118-9903BBD08E52}.Release|Any CPU.ActiveCfg = Release|Any CPU
		{A402C085-11C8-4B98-A118-9903BBD08E52}.Release|Any CPU.Build.0 = Release|Any CPU
		{A402C085-11C8-4B98-A118-9903BBD08E52}.Release|Any CPU.Deploy.0 = Release|Any CPU
		{A402C085-11C8-4B98-A118-9903BBD08E52}.Release|ARM.ActiveCfg = Release|Any CPU
		{A402C085-11C8-4B98-A118-9903BBD08E52}.Release|iPhone.ActiveCfg = Release|Any CPU
		{A402C085-11C8-4B98-A118-9903BBD08E52}.Release|iPhoneSimulator.ActiveCfg = Release|Any CPU
		{A402C085-11C8-4B98-A118-9903BBD08E52}.Release|Mixed Platforms.ActiveCfg = Release|Any CPU
		{A402C085-11C8-4B98-A118-9903BBD08E52}.Release|Mixed Platforms.Build.0 = Release|Any CPU
		{A402C085-11C8-4B98-A118-9903BBD08E52}.Release|Mixed Platforms.Deploy.0 = Release|Any CPU
		{A402C085-11C8-4B98-A118-9903BBD08E52}.Release|x86.ActiveCfg = Release|Any CPU
		{EB9389C1-EF98-4723-B3CD-A7D0C16F6934}.Ad-Hoc|Any CPU.ActiveCfg = Release|Any CPU
		{EB9389C1-EF98-4723-B3CD-A7D0C16F6934}.Ad-Hoc|Any CPU.Build.0 = Release|Any CPU
		{EB9389C1-EF98-4723-B3CD-A7D0C16F6934}.Ad-Hoc|Any CPU.Deploy.0 = Release|Any CPU
		{EB9389C1-EF98-4723-B3CD-A7D0C16F6934}.Ad-Hoc|ARM.ActiveCfg = Release|ARM
		{EB9389C1-EF98-4723-B3CD-A7D0C16F6934}.Ad-Hoc|ARM.Build.0 = Release|ARM
		{EB9389C1-EF98-4723-B3CD-A7D0C16F6934}.Ad-Hoc|ARM.Deploy.0 = Release|ARM
		{EB9389C1-EF98-4723-B3CD-A7D0C16F6934}.Ad-Hoc|iPhone.ActiveCfg = Release|Any CPU
		{EB9389C1-EF98-4723-B3CD-A7D0C16F6934}.Ad-Hoc|iPhoneSimulator.ActiveCfg = Release|Any CPU
		{EB9389C1-EF98-4723-B3CD-A7D0C16F6934}.Ad-Hoc|Mixed Platforms.ActiveCfg = Release|x86
		{EB9389C1-EF98-4723-B3CD-A7D0C16F6934}.Ad-Hoc|Mixed Platforms.Build.0 = Release|x86
		{EB9389C1-EF98-4723-B3CD-A7D0C16F6934}.Ad-Hoc|Mixed Platforms.Deploy.0 = Release|x86
		{EB9389C1-EF98-4723-B3CD-A7D0C16F6934}.Ad-Hoc|x86.ActiveCfg = Release|x86
		{EB9389C1-EF98-4723-B3CD-A7D0C16F6934}.Ad-Hoc|x86.Build.0 = Release|x86
		{EB9389C1-EF98-4723-B3CD-A7D0C16F6934}.Ad-Hoc|x86.Deploy.0 = Release|x86
		{EB9389C1-EF98-4723-B3CD-A7D0C16F6934}.AppStore|Any CPU.ActiveCfg = Release|Any CPU
		{EB9389C1-EF98-4723-B3CD-A7D0C16F6934}.AppStore|Any CPU.Build.0 = Release|Any CPU
		{EB9389C1-EF98-4723-B3CD-A7D0C16F6934}.AppStore|Any CPU.Deploy.0 = Release|Any CPU
		{EB9389C1-EF98-4723-B3CD-A7D0C16F6934}.AppStore|ARM.ActiveCfg = Release|ARM
		{EB9389C1-EF98-4723-B3CD-A7D0C16F6934}.AppStore|ARM.Build.0 = Release|ARM
		{EB9389C1-EF98-4723-B3CD-A7D0C16F6934}.AppStore|ARM.Deploy.0 = Release|ARM
		{EB9389C1-EF98-4723-B3CD-A7D0C16F6934}.AppStore|iPhone.ActiveCfg = Release|Any CPU
		{EB9389C1-EF98-4723-B3CD-A7D0C16F6934}.AppStore|iPhoneSimulator.ActiveCfg = Release|Any CPU
		{EB9389C1-EF98-4723-B3CD-A7D0C16F6934}.AppStore|Mixed Platforms.ActiveCfg = Release|x86
		{EB9389C1-EF98-4723-B3CD-A7D0C16F6934}.AppStore|Mixed Platforms.Build.0 = Release|x86
		{EB9389C1-EF98-4723-B3CD-A7D0C16F6934}.AppStore|Mixed Platforms.Deploy.0 = Release|x86
		{EB9389C1-EF98-4723-B3CD-A7D0C16F6934}.AppStore|x86.ActiveCfg = Release|x86
		{EB9389C1-EF98-4723-B3CD-A7D0C16F6934}.AppStore|x86.Build.0 = Release|x86
		{EB9389C1-EF98-4723-B3CD-A7D0C16F6934}.AppStore|x86.Deploy.0 = Release|x86
		{EB9389C1-EF98-4723-B3CD-A7D0C16F6934}.Debug|Any CPU.ActiveCfg = Debug|Any CPU
		{EB9389C1-EF98-4723-B3CD-A7D0C16F6934}.Debug|Any CPU.Build.0 = Debug|Any CPU
		{EB9389C1-EF98-4723-B3CD-A7D0C16F6934}.Debug|Any CPU.Deploy.0 = Debug|Any CPU
		{EB9389C1-EF98-4723-B3CD-A7D0C16F6934}.Debug|ARM.ActiveCfg = Debug|ARM
		{EB9389C1-EF98-4723-B3CD-A7D0C16F6934}.Debug|ARM.Build.0 = Debug|ARM
		{EB9389C1-EF98-4723-B3CD-A7D0C16F6934}.Debug|ARM.Deploy.0 = Debug|ARM
		{EB9389C1-EF98-4723-B3CD-A7D0C16F6934}.Debug|iPhone.ActiveCfg = Debug|Any CPU
		{EB9389C1-EF98-4723-B3CD-A7D0C16F6934}.Debug|iPhoneSimulator.ActiveCfg = Debug|Any CPU
		{EB9389C1-EF98-4723-B3CD-A7D0C16F6934}.Debug|Mixed Platforms.ActiveCfg = Debug|x86
		{EB9389C1-EF98-4723-B3CD-A7D0C16F6934}.Debug|Mixed Platforms.Build.0 = Debug|x86
		{EB9389C1-EF98-4723-B3CD-A7D0C16F6934}.Debug|Mixed Platforms.Deploy.0 = Debug|x86
		{EB9389C1-EF98-4723-B3CD-A7D0C16F6934}.Debug|x86.ActiveCfg = Debug|x86
		{EB9389C1-EF98-4723-B3CD-A7D0C16F6934}.Debug|x86.Build.0 = Debug|x86
		{EB9389C1-EF98-4723-B3CD-A7D0C16F6934}.Debug|x86.Deploy.0 = Debug|x86
		{EB9389C1-EF98-4723-B3CD-A7D0C16F6934}.Release|Any CPU.ActiveCfg = Release|Any CPU
		{EB9389C1-EF98-4723-B3CD-A7D0C16F6934}.Release|Any CPU.Build.0 = Release|Any CPU
		{EB9389C1-EF98-4723-B3CD-A7D0C16F6934}.Release|Any CPU.Deploy.0 = Release|Any CPU
		{EB9389C1-EF98-4723-B3CD-A7D0C16F6934}.Release|ARM.ActiveCfg = Release|ARM
		{EB9389C1-EF98-4723-B3CD-A7D0C16F6934}.Release|ARM.Build.0 = Release|ARM
		{EB9389C1-EF98-4723-B3CD-A7D0C16F6934}.Release|ARM.Deploy.0 = Release|ARM
		{EB9389C1-EF98-4723-B3CD-A7D0C16F6934}.Release|iPhone.ActiveCfg = Release|Any CPU
		{EB9389C1-EF98-4723-B3CD-A7D0C16F6934}.Release|iPhoneSimulator.ActiveCfg = Release|Any CPU
		{EB9389C1-EF98-4723-B3CD-A7D0C16F6934}.Release|Mixed Platforms.ActiveCfg = Release|x86
		{EB9389C1-EF98-4723-B3CD-A7D0C16F6934}.Release|Mixed Platforms.Build.0 = Release|x86
		{EB9389C1-EF98-4723-B3CD-A7D0C16F6934}.Release|Mixed Platforms.Deploy.0 = Release|x86
		{EB9389C1-EF98-4723-B3CD-A7D0C16F6934}.Release|x86.ActiveCfg = Release|x86
		{EB9389C1-EF98-4723-B3CD-A7D0C16F6934}.Release|x86.Build.0 = Release|x86
		{EB9389C1-EF98-4723-B3CD-A7D0C16F6934}.Release|x86.Deploy.0 = Release|x86
	EndGlobalSection
	GlobalSection(SolutionProperties) = preSolution
		HideSolutionNode = FALSE
	EndGlobalSection
EndGlobal
